
Microsoft Visual Studio Solution File, Format Version 12.00
# Visual Studio 15
VisualStudioVersion = 15.0.28307.1169
MinimumVisualStudioVersion = 10.0.40219.1
Project("{FAE04EC0-301F-11D3-BF4B-00C04F79EFBC}") = "BTL", "BTL\BTL.csproj", "{A550EA74-E949-40EE-A1AF-4AB35AE0696A}"
EndProject
Global
	GlobalSection(SolutionConfigurationPlatforms) = preSolution
		Debug|Any CPU = Debug|Any CPU
		Release|Any CPU = Release|Any CPU
	EndGlobalSection
	GlobalSection(ProjectConfigurationPlatforms) = postSolution
		{A550EA74-E949-40EE-A1AF-4AB35AE0696A}.Debug|Any CPU.ActiveCfg = Debug|Any CPU
		{A550EA74-E949-40EE-A1AF-4AB35AE0696A}.Debug|Any CPU.Build.0 = Debug|Any CPU
		{A550EA74-E949-40EE-A1AF-4AB35AE0696A}.Release|Any CPU.ActiveCfg = Release|Any CPU
		{A550EA74-E949-40EE-A1AF-4AB35AE0696A}.Release|Any CPU.Build.0 = Release|Any CPU
	EndGlobalSection
	GlobalSection(SolutionProperties) = preSolution
		HideSolutionNode = FALSE
	EndGlobalSection
	GlobalSection(ExtensibilityGlobals) = postSolution
		SolutionGuid = {BF17E314-DB0F-408D-9DF2-891AA83361A5}
	EndGlobalSection
EndGlobal
